
Microsoft Visual Studio Solution File, Format Version 12.00
# Visual Studio Version 17
VisualStudioVersion = 17.13.35828.75
MinimumVisualStudioVersion = 10.0.40219.1
Project("{FAE04EC0-301F-11D3-BF4B-00C04F79EFBC}") = "Dapter.App", "Dapter.App\Dapter.App.csproj", "{347D4012-2D4D-424D-B5DD-73DD000DDEB6}"
EndProject
Project("{FAE04EC0-301F-11D3-BF4B-00C04F79EFBC}") = "Dapter.Core", "Dapter.Core\Dapter.Core.csproj", "{2D733594-6BED-4A5F-9908-0CFACAC6A5BD}"
EndProject
Project("{FAE04EC0-301F-11D3-BF4B-00C04F79EFBC}") = "Dapter.Data", "Dapter.Data\Dapter.Data.csproj", "{1F0165F4-5E24-4178-86BB-B4407A17B178}"
EndProject
Global
	GlobalSection(SolutionConfigurationPlatforms) = preSolution
		Debug|Any CPU = Debug|Any CPU
		Release|Any CPU = Release|Any CPU
	EndGlobalSection
	GlobalSection(ProjectConfigurationPlatforms) = postSolution
		{347D4012-2D4D-424D-B5DD-73DD000DDEB6}.Debug|Any CPU.ActiveCfg = Debug|Any CPU
		{347D4012-2D4D-424D-B5DD-73DD000DDEB6}.Debug|Any CPU.Build.0 = Debug|Any CPU
		{347D4012-2D4D-424D-B5DD-73DD000DDEB6}.Release|Any CPU.ActiveCfg = Release|Any CPU
		{347D4012-2D4D-424D-B5DD-73DD000DDEB6}.Release|Any CPU.Build.0 = Release|Any CPU
		{2D733594-6BED-4A5F-9908-0CFACAC6A5BD}.Debug|Any CPU.ActiveCfg = Debug|Any CPU
		{2D733594-6BED-4A5F-9908-0CFACAC6A5BD}.Debug|Any CPU.Build.0 = Debug|Any CPU
		{2D733594-6BED-4A5F-9908-0CFACAC6A5BD}.Release|Any CPU.ActiveCfg = Release|Any CPU
		{2D733594-6BED-4A5F-9908-0CFACAC6A5BD}.Release|Any CPU.Build.0 = Release|Any CPU
		{1F0165F4-5E24-4178-86BB-B4407A17B178}.Debug|Any CPU.ActiveCfg = Debug|Any CPU
		{1F0165F4-5E24-4178-86BB-B4407A17B178}.Debug|Any CPU.Build.0 = Debug|Any CPU
		{1F0165F4-5E24-4178-86BB-B4407A17B178}.Release|Any CPU.ActiveCfg = Release|Any CPU
		{1F0165F4-5E24-4178-86BB-B4407A17B178}.Release|Any CPU.Build.0 = Release|Any CPU
	EndGlobalSection
	GlobalSection(SolutionProperties) = preSolution
		HideSolutionNode = FALSE
	EndGlobalSection
	GlobalSection(ExtensibilityGlobals) = postSolution
		SolutionGuid = {01FC0EEE-280D-4C73-934C-BA44F2CF95E4}
	EndGlobalSection
EndGlobal
